{
  "version": "5",
  "specifiers": {
    "jsr:@hono/hono@*": "4.7.9",
    "jsr:@hono/hono@4.7.9": "4.7.9",
    "jsr:@std/fs@*": "1.0.17",
    "jsr:@std/fs@1.0.17": "1.0.17",
    "jsr:@std/path@*": "1.0.9",
    "jsr:@std/path@1.0.9": "1.0.9",
    "jsr:@std/path@^1.0.9": "1.0.9",
    "jsr:@zip-js/zip-js@*": "2.7.62",
    "jsr:@zip-js/zip-js@2.7.62": "2.7.62"
  },
  "jsr": {
    "@hono/hono@4.7.5": {
      "integrity": "36a7e1b3db8a58e5dc2bd36a76be53346f0966e04c24c635c4d6f58875575b0a"
    },
    "@hono/hono@4.7.9": {
      "integrity": "929baffb76209d2ce4c3442bab45957d5dda1726efb82cef13ec3a51d239c543"
    },
    "@std/fs@1.0.17": {
      "integrity": "1c00c632677c1158988ef7a004cb16137f870aafdb8163b9dce86ec652f3952b",
      "dependencies": [
        "jsr:@std/path@^1.0.9"
      ]
    },
    "@std/path@1.0.8": {
      "integrity": "548fa456bb6a04d3c1a1e7477986b6cffbce95102d0bb447c67c4ee70e0364be"
    },
    "@std/path@1.0.9": {
      "integrity": "260a49f11edd3db93dd38350bf9cd1b4d1366afa98e81b86167b4e3dd750129e"
    },
    "@zip-js/zip-js@2.7.62": {
      "integrity": "11cbe0746fa1e52e6e0a601c89ba97365f16e38a07f139b9d9914f988aec9081"
    }
  }
}
